
Microsoft Visual Studio Solution File, Format Version 12.00
# Visual Studio Version 17
VisualStudioVersion = 17.4.33213.308
MinimumVisualStudioVersion = 10.0.40219.1
Project("{FAE04EC0-301F-11D3-BF4B-00C04F79EFBC}") = "Calculadora Simples", "Calculadora Simples.csproj", "{5076B245-8C12-48D1-A554-AD049B03486A}"
EndProject
Global
	GlobalSection(SolutionConfigurationPlatforms) = preSolution
		Debug|Any CPU = Debug|Any CPU
		Release|Any CPU = Release|Any CPU
	EndGlobalSection
	GlobalSection(ProjectConfigurationPlatforms) = postSolution
		{5076B245-8C12-48D1-A554-AD049B03486A}.Debug|Any CPU.ActiveCfg = Debug|Any CPU
		{5076B245-8C12-48D1-A554-AD049B03486A}.Debug|Any CPU.Build.0 = Debug|Any CPU
		{5076B245-8C12-48D1-A554-AD049B03486A}.Release|Any CPU.ActiveCfg = Release|Any CPU
		{5076B245-8C12-48D1-A554-AD049B03486A}.Release|Any CPU.Build.0 = Release|Any CPU
	EndGlobalSection
	GlobalSection(SolutionProperties) = preSolution
		HideSolutionNode = FALSE
	EndGlobalSection
	GlobalSection(ExtensibilityGlobals) = postSolution
		SolutionGuid = {037018DF-3D1C-40D0-835B-18629D38C5ED}
	EndGlobalSection
EndGlobal
